// !$*UTF8*$!
{
	archiveVersion = 1;
	classes = {
	};
	objectVersion = 50;
	objects = {

/* Begin PBXBuildFile section */
		53BD9158222CCE8200653F4B /* SDKDemoViewController.xib in Resources */ = {isa = PBXBuildFile; fileRef = 53BD9155222CCE8200653F4B /* SDKDemoViewController.xib */; };
		53BD9159222CCE8200653F4B /* unionpay@3x.png in Resources */ = {isa = PBXBuildFile; fileRef = 53BD9156222CCE8200653F4B /* unionpay@3x.png */; };
		53BD915A222CCE8200653F4B /* unionpay@2x.png in Resources */ = {isa = PBXBuildFile; fileRef = 53BD9157222CCE8200653F4B /* unionpay@2x.png */; };
/* End PBXBuildFile section */

/* Begin PBXFileReference section */
		53BD914C222CC59400653F4B /* SDKDemoBundle.bundle */ = {isa = PBXFileReference; explicitFileType = wrapper.cfbundle; includeInIndex = 0; path = SDKDemoBundle.bundle; sourceTree = BUILT_PRODUCTS_DIR; };
		53BD914F222CC59400653F4B /* Info.plist */ = {isa = PBXFileReference; lastKnownFileType = text.plist.xml; path = Info.plist; sourceTree = "<group>"; };
		53BD9155222CCE8200653F4B /* SDKDemoViewController.xib */ = {isa = PBXFileReference; fileEncoding = 4; lastKnownFileType = file.xib; path = SDKDemoViewController.xib; sourceTree = "<group>"; };
		53BD9156222CCE8200653F4B /* unionpay@3x.png */ = {isa = PBXFileReference; lastKnownFileType = image.png; path = "unionpay@3x.png"; sourceTree = "<group>"; };
		53BD9157222CCE8200653F4B /* unionpay@2x.png */ = {isa = PBXFileReference; lastKnownFileType = image.png; path = "unionpay@2x.png"; sourceTree = "<group>"; };
/* End PBXFileReference section */

/* Begin PBXFrameworksBuildPhase section */
		53BD9149222CC59400653F4B /* Frameworks */ = {
			isa = PBXFrameworksBuildPhase;
			buildActionMask = 2147483647;
			files = (
			);
			runOnlyForDeploymentPostprocessing = 0;
		};
/* End PBXFrameworksBuildPhase section */

/* Begin PBXGroup section */
		53BD9143222CC59400653F4B = {
			isa = PBXGroup;
			children = (
				53BD914E222CC59400653F4B /* SDKDemoBundle */,
				53BD914D222CC59400653F4B /* Products */,
			);
			sourceTree = "<group>";
		};
		53BD914D222CC59400653F4B /* Products */ = {
			isa = PBXGroup;
			children = (
				53BD914C222CC59400653F4B /* SDKDemoBundle.bundle */,
			);
			name = Products;
			sourceTree = "<group>";
		};
		53BD914E222CC59400653F4B /* SDKDemoBundle */ = {
			isa = PBXGroup;
			children = (
				53BD9155222CCE8200653F4B /* SDKDemoViewController.xib */,
				53BD9157222CCE8200653F4B /* unionpay@2x.png */,
				53BD9156222CCE8200653F4B /* unionpay@3x.png */,
				53BD914F222CC59400653F4B /* Info.plist */,
			);
			path = SDKDemoBundle;
			sourceTree = "<group>";
		};
/* End PBXGroup section */

/* Begin PBXNativeTarget section */
		53BD914B222CC59400653F4B /* SDKDemoBundle */ = {
			isa = PBXNativeTarget;
			buildConfigurationList = 53BD9152222CC59400653F4B /* Build configuration list for PBXNativeTarget "SDKDemoBundle" */;
			buildPhases = (
				53BD9148222CC59400653F4B /* Sources */,
				53BD9149222CC59400653F4B /* Frameworks */,
				53BD914A222CC59400653F4B /* Resources */,
			);
			buildRules = (
			);
			dependencies = (
			);
			name = SDKDemoBundle;
			productName = SDKDemoBundle;
			productReference = 53BD914C222CC59400653F4B /* SDKDemoBundle.bundle */;
			productType = "com.apple.product-type.bundle";
		};
/* End PBXNativeTarget section */

/* Begin PBXProject section */
		53BD9144222CC59400653F4B /* Project object */ = {
			isa = PBXProject;
			attributes = {
				LastUpgradeCheck = 1010;
				ORGANIZATIONNAME = "郏国上";
				TargetAttributes = {
					53BD914B222CC59400653F4B = {
						CreatedOnToolsVersion = 10.1;
					};
				};
			};
			buildConfigurationList = 53BD9147222CC59400653F4B /* Build configuration list for PBXProject "SDKDemoBundle" */;
			compatibilityVersion = "Xcode 9.3";
			developmentRegion = en;
			hasScannedForEncodings = 0;
			knownRegions = (
				en,
			);
			mainGroup = 53BD9143222CC59400653F4B;
			productRefGroup = 53BD914D222CC59400653F4B /* Products */;
			projectDirPath = "";
			projectRoot = "";
			targets = (
				53BD914B222CC59400653F4B /* SDKDemoBundle */,
			);
		};
/* End PBXProject section */

/* Begin PBXResourcesBuildPhase section */
		53BD914A222CC59400653F4B /* Resources */ = {
			isa = PBXResourcesBuildPhase;
			buildActionMask = 2147483647;
			files = (
				53BD9159222CCE8200653F4B /* unionpay@3x.png in Resources */,
				53BD915A222CCE8200653F4B /* unionpay@2x.png in Resources */,
				53BD9158222CCE8200653F4B /* SDKDemoViewController.xib in Resources */,
			);
			runOnlyForDeploymentPostprocessing = 0;
		};
/* End PBXResourcesBuildPhase section */

/* Begin PBXSourcesBuildPhase section */
		53BD9148222CC59400653F4B /* Sources */ = {
			isa = PBXSourcesBuildPhase;
			buildActionMask = 2147483647;
			files = (
			);
			runOnlyForDeploymentPostprocessing = 0;
		};
/* End PBXSourcesBuildPhase section */

/* Begin XCBuildConfiguration section */
		53BD9150222CC59400653F4B /* Debug */ = {
			isa = XCBuildConfiguration;
			buildSettings = {
				ALWAYS_SEARCH_USER_PATHS = NO;
				CLANG_ANALYZER_NONNULL = YES;
				CLANG_ANALYZER_NUMBER_OBJECT_CONVERSION = YES_AGGRESSIVE;
				CLANG_CXX_LANGUAGE_STANDARD = "gnu++14";
				CLANG_CXX_LIBRARY = "libc++";
				CLANG_ENABLE_MODULES = YES;
				CLANG_ENABLE_OBJC_ARC = YES;
				CLANG_ENABLE_OBJC_WEAK = YES;
				CLANG_WARN_BLOCK_CAPTURE_AUTORELEASING = YES;
				CLANG_WARN_BOOL_CONVERSION = YES;
				CLANG_WARN_COMMA = YES;
				CLANG_WARN_CONSTANT_CONVERSION = YES;
				CLANG_WARN_DEPRECATED_OBJC_IMPLEMENTATIONS = YES;
				CLANG_WARN_DIRECT_OBJC_ISA_USAGE = YES_ERROR;
				CLANG_WARN_DOCUMENTATION_COMMENTS = YES;
				CLANG_WARN_EMPTY_BODY = YES;
				CLANG_WARN_ENUM_CONVERSION = YES;
				CLANG_WARN_INFINITE_RECURSION = YES;
				CLANG_WARN_INT_CONVERSION = YES;
				CLANG_WARN_NON_LITERAL_NULL_CONVERSION = YES;
				CLANG_WARN_OBJC_IMPLICIT_RETAIN_SELF = YES;
				CLANG_WARN_OBJC_LITERAL_CONVERSION = YES;
				CLANG_WARN_OBJC_ROOT_CLASS = YES_ERROR;
				CLANG_WARN_RANGE_LOOP_ANALYSIS = YES;
				CLANG_WARN_STRICT_PROTOTYPES = YES;
				CLANG_WARN_SUSPICIOUS_MOVE = YES;
				CLANG_WARN_UNGUARDED_AVAILABILITY = YES_AGGRESSIVE;
				CLANG_WARN_UNREACHABLE_CODE = YES;
				CLANG_WARN__DUPLICATE_METHOD_MATCH = YES;
				CODE_SIGN_IDENTITY = "Mac Developer";
				COPY_PHASE_STRIP = NO;
				DEBUG_INFORMATION_FORMAT = dwarf;
				ENABLE_STRICT_OBJC_MSGSEND = YES;
				ENABLE_TESTABILITY = YES;
				GCC_C_LANGUAGE_STANDARD = gnu11;
				GCC_DYNAMIC_NO_PIC = NO;
				GCC_NO_COMMON_BLOCKS = YES;
				GCC_OPTIMIZATION_LEVEL = 0;
				GCC_PREPROCESSOR_DEFINITIONS = (
					"DEBUG=1",
					"$(inherited)",
				);
				GCC_WARN_64_TO_32_BIT_CONVERSION = YES;
				GCC_WARN_ABOUT_RETURN_TYPE = YES_ERROR;
				GCC_WARN_UNDECLARED_SELECTOR = YES;
				GCC_WARN_UNINITIALIZED_AUTOS = YES_AGGRESSIVE;
				GCC_WARN_UNUSED_FUNCTION = YES;
				GCC_WARN_UNUSED_VARIABLE = YES;
				MACOSX_DEPLOYMENT_TARGET = 10.13;
				MTL_ENABLE_DEBUG_INFO = INCLUDE_SOURCE;
				MTL_FAST_MATH = YES;
				ONLY_ACTIVE_ARCH = YES;
				SDKROOT = macosx;
			};
			name = Debug;
		};
		53BD9151222CC59400653F4B /* Release */ = {
			isa = XCBuildConfiguration;
			buildSettings = {
				ALWAYS_SEARCH_USER_PATHS = NO;
				CLANG_ANALYZER_NONNULL = YES;
				CLANG_ANALYZER_NUMBER_OBJECT_CONVERSION = YES_AGGRESSIVE;
				CLANG_CXX_LANGUAGE_STANDARD = "gnu++14";
				CLANG_CXX_LIBRARY = "libc++";
				CLANG_ENABLE_MODULES = YES;
				CLANG_ENABLE_OBJC_ARC = YES;
				CLANG_ENABLE_OBJC_WEAK = YES;
				CLANG_WARN_BLOCK_CAPTURE_AUTORELEASING = YES;
				CLANG_WARN_BOOL_CONVERSION = YES;
				CLANG_WARN_COMMA = YES;
				CLANG_WARN_CONSTANT_CONVERSION = YES;
				CLANG_WARN_DEPRECATED_OBJC_IMPLEMENTATIONS = YES;
				CLANG_WARN_DIRECT_OBJC_ISA_USAGE = YES_ERROR;
				CLANG_WARN_DOCUMENTATION_COMMENTS = YES;
				CLANG_WARN_EMPTY_BODY = YES;
				CLANG_WARN_ENUM_CONVERSION = YES;
				CLANG_WARN_INFINITE_RECURSION = YES;
				CLANG_WARN_INT_CONVERSION = YES;
				CLANG_WARN_NON_LITERAL_NULL_CONVERSION = YES;
				CLANG_WARN_OBJC_IMPLICIT_RETAIN_SELF = YES;
				CLANG_WARN_OBJC_LITERAL_CONVERSION = YES;
				CLANG_WARN_OBJC_ROOT_CLASS = YES_ERROR;
				CLANG_WARN_RANGE_LOOP_ANALYSIS = YES;
				CLANG_WARN_STRICT_PROTOTYPES = YES;
				CLANG_WARN_SUSPICIOUS_MOVE = YES;
				CLANG_WARN_UNGUARDED_AVAILABILITY = YES_AGGRESSIVE;
				CLANG_WARN_UNREACHABLE_CODE = YES;
				CLANG_WARN__DUPLICATE_METHOD_MATCH = YES;
				CODE_SIGN_IDENTITY = "Mac Developer";
				COPY_PHASE_STRIP = NO;
				DEBUG_INFORMATION_FORMAT = "dwarf-with-dsym";
				ENABLE_NS_ASSERTIONS = NO;
				ENABLE_STRICT_OBJC_MSGSEND = YES;
				GCC_C_LANGUAGE_STANDARD = gnu11;
				GCC_NO_COMMON_BLOCKS = YES;
				GCC_WARN_64_TO_32_BIT_CONVERSION = YES;
				GCC_WARN_ABOUT_RETURN_TYPE = YES_ERROR;
				GCC_WARN_UNDECLARED_SELECTOR = YES;
				GCC_WARN_UNINITIALIZED_AUTOS = YES_AGGRESSIVE;
				GCC_WARN_UNUSED_FUNCTION = YES;
				GCC_WARN_UNUSED_VARIABLE = YES;
				MACOSX_DEPLOYMENT_TARGET = 10.13;
				MTL_ENABLE_DEBUG_INFO = NO;
				MTL_FAST_MATH = YES;
				SDKROOT = macosx;
			};
			name = Release;
		};
		53BD9153222CC59400653F4B /* Debug */ = {
			isa = XCBuildConfiguration;
			buildSettings = {
				CODE_SIGN_IDENTITY = "iPhone Distribution";
				CODE_SIGN_STYLE = Manual;
				COMBINE_HIDPI_IMAGES = NO;
				DEVELOPMENT_TEAM = 4598R7ZUAC;
				ENABLE_BITCODE = YES;
				INFOPLIST_FILE = SDKDemoBundle/Info.plist;
				INSTALL_PATH = "";
				IPHONEOS_DEPLOYMENT_TARGET = 8.0;
				PRODUCT_BUNDLE_IDENTIFIER = BitInfo.SDKDemoBundle;
				PRODUCT_NAME = "$(TARGET_NAME)";
				PROVISIONING_PROFILE_SPECIFIER = "";
				SDKROOT = iphoneos;
				SKIP_INSTALL = YES;
				WRAPPER_EXTENSION = bundle;
			};
			name = Debug;
		};
		53BD9154222CC59400653F4B /* Release */ = {
			isa = XCBuildConfiguration;
			buildSettings = {
				CODE_SIGN_IDENTITY = "iPhone Distribution";
				CODE_SIGN_STYLE = Manual;
				COMBINE_HIDPI_IMAGES = NO;
				DEVELOPMENT_TEAM = 4598R7ZUAC;
				ENABLE_BITCODE = YES;
				INFOPLIST_FILE = SDKDemoBundle/Info.plist;
				INSTALL_PATH = "";
				IPHONEOS_DEPLOYMENT_TARGET = 8.0;
				ONLY_ACTIVE_ARCH = YES;
				PRODUCT_BUNDLE_IDENTIFIER = BitInfo.SDKDemoBundle;
				PRODUCT_NAME = "$(TARGET_NAME)";
				PROVISIONING_PROFILE_SPECIFIER = "";
				SDKROOT = iphoneos;
				SKIP_INSTALL = YES;
				WRAPPER_EXTENSION = bundle;
			};
			name = Release;
		};
/* End XCBuildConfiguration section */

/* Begin XCConfigurationList section */
		53BD9147222CC59400653F4B /* Build configuration list for PBXProject "SDKDemoBundle" */ = {
			isa = XCConfigurationList;
			buildConfigurations = (
				53BD9150222CC59400653F4B /* Debug */,
				53BD9151222CC59400653F4B /* Release */,
			);
			defaultConfigurationIsVisible = 0;
			defaultConfigurationName = Release;
		};
		53BD9152222CC59400653F4B /* Build configuration list for PBXNativeTarget "SDKDemoBundle" */ = {
			isa = XCConfigurationList;
			buildConfigurations = (
				53BD9153222CC59400653F4B /* Debug */,
				53BD9154222CC59400653F4B /* Release */,
			);
			defaultConfigurationIsVisible = 0;
			defaultConfigurationName = Release;
		};
/* End XCConfigurationList section */
	};
	rootObject = 53BD9144222CC59400653F4B /* Project object */;
}
